
Microsoft Visual Studio Solution File, Format Version 12.00
# Visual Studio Version 17
VisualStudioVersion = 17.11.35222.181
MinimumVisualStudioVersion = 10.0.40219.1
Project("{FAE04EC0-301F-11D3-BF4B-00C04F79EFBC}") = "Riwayat.Server", "Riwayat.Server\Riwayat.Server.csproj", "{46632943-B704-4DAF-83BA-CCFBB535E396}"
EndProject
Project("{54A90642-561A-4BB1-A94E-469ADEE60C69}") = "riwayat.client", "riwayat.client\riwayat.client.esproj", "{BAD17A75-FF10-4F33-82B5-7E5E48D5352C}"
EndProject
Global
	GlobalSection(SolutionConfigurationPlatforms) = preSolution
		Debug|Any CPU = Debug|Any CPU
		Release|Any CPU = Release|Any CPU
	EndGlobalSection
	GlobalSection(ProjectConfigurationPlatforms) = postSolution
		{46632943-B704-4DAF-83BA-CCFBB535E396}.Debug|Any CPU.ActiveCfg = Debug|Any CPU
		{46632943-B704-4DAF-83BA-CCFBB535E396}.Debug|Any CPU.Build.0 = Debug|Any CPU
		{46632943-B704-4DAF-83BA-CCFBB535E396}.Release|Any CPU.ActiveCfg = Release|Any CPU
		{46632943-B704-4DAF-83BA-CCFBB535E396}.Release|Any CPU.Build.0 = Release|Any CPU
		{BAD17A75-FF10-4F33-82B5-7E5E48D5352C}.Debug|Any CPU.ActiveCfg = Debug|Any CPU
		{BAD17A75-FF10-4F33-82B5-7E5E48D5352C}.Debug|Any CPU.Build.0 = Debug|Any CPU
		{BAD17A75-FF10-4F33-82B5-7E5E48D5352C}.Debug|Any CPU.Deploy.0 = Debug|Any CPU
		{BAD17A75-FF10-4F33-82B5-7E5E48D5352C}.Release|Any CPU.ActiveCfg = Release|Any CPU
		{BAD17A75-FF10-4F33-82B5-7E5E48D5352C}.Release|Any CPU.Build.0 = Release|Any CPU
		{BAD17A75-FF10-4F33-82B5-7E5E48D5352C}.Release|Any CPU.Deploy.0 = Release|Any CPU
	EndGlobalSection
	GlobalSection(SolutionProperties) = preSolution
		HideSolutionNode = FALSE
	EndGlobalSection
	GlobalSection(ExtensibilityGlobals) = postSolution
		SolutionGuid = {DD76DA2B-58C8-407B-9330-367E3ACC96E4}
	EndGlobalSection
EndGlobal
